{
  "name": "lotusjs-components-example-images",
  "version": "1.0.0",
  "lockfileVersion": 1,
  "requires": true,
  "dependencies": {
    "lavenderjs": {
      "version": "1.0.15",
      "resolved": "https://registry.npmjs.org/lavenderjs/-/lavenderjs-1.0.15.tgz",
      "integrity": "sha512-Ed7GBC1zc6cBRMiqhEqTOur55RwIio8B4rlHTBBphgYbDT+UHhjSMsxXGcXy911H3qVjpTCuZBNB2Zxcbuwerw=="
    },
    "lotusjs-components": {
      "version": "1.1.9",
      "resolved": "https://registry.npmjs.org/lotusjs-components/-/lotusjs-components-1.1.9.tgz",
      "integrity": "sha512-XwKElrj2lMuAGhP8HflILbhySKinak/mLT8QhxRJvVYsAWu5IOCCXpGdVeTSEGaUbKOETujTGEyptAtJNH24MA==",
      "requires": {
        "lavenderjs": "1.0.15"
      }
    },
    "x-tag": {
      "version": "1.5.11",
      "resolved": "https://registry.npmjs.org/x-tag/-/x-tag-1.5.11.tgz",
      "integrity": "sha1-t1Fng3zczcP6HrmvVrcwofAiVTk="
    }
  }
}
