{
  "name": "lotusjs-components-example-images",
  "version": "1.0.0",
  "lockfileVersion": 1,
  "requires": true,
  "dependencies": {
    "lavenderjs": {
      "version": "1.0.15",
      "resolved": "https://registry.npmjs.org/lavenderjs/-/lavenderjs-1.0.15.tgz",
      "integrity": "sha512-Ed7GBC1zc6cBRMiqhEqTOur55RwIio8B4rlHTBBphgYbDT+UHhjSMsxXGcXy911H3qVjpTCuZBNB2Zxcbuwerw=="
    },
    "lotusjs-components": {
      "version": "1.2.0",
      "resolved": "https://registry.npmjs.org/lotusjs-components/-/lotusjs-components-1.2.0.tgz",
      "integrity": "sha512-kng3MlnJXbXUg+23jhnhEQQkSvVhK75Y6EKfkuP/C3giOX9vTm2c2YMGX+dUeeXGBp02j+qegyqQwhe6xUbukw==",
      "requires": {
        "lavenderjs": "1.0.15",
        "reflect-metadata": "0.1.10",
        "x-tag": "1.5.11"
      }
    },
    "reflect-metadata": {
      "version": "0.1.10",
      "resolved": "https://registry.npmjs.org/reflect-metadata/-/reflect-metadata-0.1.10.tgz",
      "integrity": "sha1-tPg3BEFqytiZiMmxVjXUfgO5NEo="
    },
    "x-tag": {
      "version": "1.5.11",
      "resolved": "https://registry.npmjs.org/x-tag/-/x-tag-1.5.11.tgz",
      "integrity": "sha1-t1Fng3zczcP6HrmvVrcwofAiVTk="
    }
  }
}
