{
  "name": "lotusjs-components-example-images",
  "version": "1.0.0",
  "lockfileVersion": 1,
  "requires": true,
  "dependencies": {
    "lavenderjs": {
      "version": "1.0.13",
      "resolved": "https://registry.npmjs.org/lavenderjs/-/lavenderjs-1.0.13.tgz",
      "integrity": "sha512-ygjohGNItAWYS4HUhMfbVp4j3kXSm+L8Ig9VTbrMjvGNuzEInq9uLwR3UHHfYaCg160ygh5qz67tgmMrAS1iOA=="
    },
    "lotusjs-components": {
      "version": "1.1.5",
      "resolved": "https://registry.npmjs.org/lotusjs-components/-/lotusjs-components-1.1.5.tgz",
      "integrity": "sha512-h10z4TYgvVnxn2T+570nVmRemNy9msvxzmWNDlKwppGZwPGbl2aqx8B1lLW8NZ53k6cmxAEJL3SLGbr6y4QJ/g==",
      "requires": {
        "lavenderjs": "1.0.13"
      }
    },
    "x-tag": {
      "version": "1.5.11",
      "resolved": "https://registry.npmjs.org/x-tag/-/x-tag-1.5.11.tgz",
      "integrity": "sha1-t1Fng3zczcP6HrmvVrcwofAiVTk="
    }
  }
}
