{
  "name": "lotusjs-components-example-button",
  "version": "1.0.0",
  "lockfileVersion": 1,
  "requires": true,
  "dependencies": {
    "lavenderjs": {
      "version": "1.0.11",
      "resolved": "https://registry.npmjs.org/lavenderjs/-/lavenderjs-1.0.11.tgz",
      "integrity": "sha512-H0jI4q4JPOi4So3E7+Fwot7BX6Kz6Ouv3N1LS0xmGYmYYd3ujYVgviA3PuD7iTedMmlUdIPlSsf5Teq43aYSXA=="
    },
    "lotusjs-components": {
      "version": "1.0.12",
      "resolved": "https://registry.npmjs.org/lotusjs-components/-/lotusjs-components-1.0.12.tgz",
      "integrity": "sha512-BxMuzjQeK8/abV/0vHr+46fHax9qnstdkhSGxB66Ucof9eamBGP2damBhSIDjwlNhXsCUqyuuyHiaweGL5FL5w=="
    }
  }
}
