{
  "name": "lotusjs-components-example-button",
  "version": "1.0.0",
  "lockfileVersion": 1,
  "requires": true,
  "dependencies": {
    "lavenderjs": {
      "version": "1.0.11",
      "resolved": "https://registry.npmjs.org/lavenderjs/-/lavenderjs-1.0.11.tgz",
      "integrity": "sha512-H0jI4q4JPOi4So3E7+Fwot7BX6Kz6Ouv3N1LS0xmGYmYYd3ujYVgviA3PuD7iTedMmlUdIPlSsf5Teq43aYSXA=="
    },
    "lotusjs-components": {
      "version": "1.1.4",
      "resolved": "https://registry.npmjs.org/lotusjs-components/-/lotusjs-components-1.1.4.tgz",
      "integrity": "sha512-jJxZZsUCeS7dhotYxuzvLIzTumIvBcMIG+aRXGX5yXT8ER+iWb12iU3ZxR+7o0ruZlWNs310DxMTFuDTlmSgqw==",
      "requires": {
        "lavenderjs": "1.0.11"
      }
    },
    "x-tag": {
      "version": "1.5.11",
      "resolved": "https://registry.npmjs.org/x-tag/-/x-tag-1.5.11.tgz",
      "integrity": "sha1-t1Fng3zczcP6HrmvVrcwofAiVTk="
    }
  }
}
